
Microsoft Visual Studio Solution File, Format Version 12.00
# Visual Studio 15
Project("{FAE04EC0-301F-11D3-BF4B-00C04F79EFBC}") = "cvrepro.Android", "cvrepro.Android\cvrepro.Android.csproj", "{862D5F1B-23D1-40A0-8555-6C83E8F77BB4}"
EndProject
Project("{FAE04EC0-301F-11D3-BF4B-00C04F79EFBC}") = "cvrepro.iOS", "cvrepro.iOS\cvrepro.iOS.csproj", "{3AEE4C98-290B-4A9D-A5E4-446373FFC1F9}"
EndProject
Project("{FAE04EC0-301F-11D3-BF4B-00C04F79EFBC}") = "cvrepro", "cvrepro\cvrepro.csproj", "{22EFC04E-1902-4F45-9D1D-B0ADAB5C2727}"
EndProject
Global
	GlobalSection(SolutionConfigurationPlatforms) = preSolution
		Debug|Any CPU = Debug|Any CPU
		Release|Any CPU = Release|Any CPU
		Debug|iPhoneSimulator = Debug|iPhoneSimulator
		Release|iPhoneSimulator = Release|iPhoneSimulator
		Debug|iPhone = Debug|iPhone
		Release|iPhone = Release|iPhone
	EndGlobalSection
	GlobalSection(ProjectConfigurationPlatforms) = postSolution
		{862D5F1B-23D1-40A0-8555-6C83E8F77BB4}.Debug|Any CPU.ActiveCfg = Debug|Any CPU
		{862D5F1B-23D1-40A0-8555-6C83E8F77BB4}.Debug|Any CPU.Build.0 = Debug|Any CPU
		{862D5F1B-23D1-40A0-8555-6C83E8F77BB4}.Release|Any CPU.ActiveCfg = Release|Any CPU
		{862D5F1B-23D1-40A0-8555-6C83E8F77BB4}.Release|Any CPU.Build.0 = Release|Any CPU
		{862D5F1B-23D1-40A0-8555-6C83E8F77BB4}.Debug|iPhoneSimulator.ActiveCfg = Debug|Any CPU
		{862D5F1B-23D1-40A0-8555-6C83E8F77BB4}.Debug|iPhoneSimulator.Build.0 = Debug|Any CPU
		{862D5F1B-23D1-40A0-8555-6C83E8F77BB4}.Release|iPhoneSimulator.ActiveCfg = Release|Any CPU
		{862D5F1B-23D1-40A0-8555-6C83E8F77BB4}.Release|iPhoneSimulator.Build.0 = Release|Any CPU
		{862D5F1B-23D1-40A0-8555-6C83E8F77BB4}.Debug|iPhone.ActiveCfg = Debug|Any CPU
		{862D5F1B-23D1-40A0-8555-6C83E8F77BB4}.Debug|iPhone.Build.0 = Debug|Any CPU
		{862D5F1B-23D1-40A0-8555-6C83E8F77BB4}.Release|iPhone.ActiveCfg = Release|Any CPU
		{862D5F1B-23D1-40A0-8555-6C83E8F77BB4}.Release|iPhone.Build.0 = Release|Any CPU
		{3AEE4C98-290B-4A9D-A5E4-446373FFC1F9}.Debug|Any CPU.ActiveCfg = Debug|iPhoneSimulator
		{3AEE4C98-290B-4A9D-A5E4-446373FFC1F9}.Debug|Any CPU.Build.0 = Debug|iPhoneSimulator
		{3AEE4C98-290B-4A9D-A5E4-446373FFC1F9}.Release|Any CPU.ActiveCfg = Release|iPhoneSimulator
		{3AEE4C98-290B-4A9D-A5E4-446373FFC1F9}.Release|Any CPU.Build.0 = Release|iPhoneSimulator
		{3AEE4C98-290B-4A9D-A5E4-446373FFC1F9}.Debug|iPhoneSimulator.ActiveCfg = Debug|iPhoneSimulator
		{3AEE4C98-290B-4A9D-A5E4-446373FFC1F9}.Debug|iPhoneSimulator.Build.0 = Debug|iPhoneSimulator
		{3AEE4C98-290B-4A9D-A5E4-446373FFC1F9}.Release|iPhoneSimulator.ActiveCfg = Release|iPhoneSimulator
		{3AEE4C98-290B-4A9D-A5E4-446373FFC1F9}.Release|iPhoneSimulator.Build.0 = Release|iPhoneSimulator
		{3AEE4C98-290B-4A9D-A5E4-446373FFC1F9}.Debug|iPhone.ActiveCfg = Debug|iPhone
		{3AEE4C98-290B-4A9D-A5E4-446373FFC1F9}.Debug|iPhone.Build.0 = Debug|iPhone
		{3AEE4C98-290B-4A9D-A5E4-446373FFC1F9}.Release|iPhone.ActiveCfg = Release|iPhone
		{3AEE4C98-290B-4A9D-A5E4-446373FFC1F9}.Release|iPhone.Build.0 = Release|iPhone
		{22EFC04E-1902-4F45-9D1D-B0ADAB5C2727}.Debug|Any CPU.ActiveCfg = Debug|Any CPU
		{22EFC04E-1902-4F45-9D1D-B0ADAB5C2727}.Debug|Any CPU.Build.0 = Debug|Any CPU
		{22EFC04E-1902-4F45-9D1D-B0ADAB5C2727}.Release|Any CPU.ActiveCfg = Release|Any CPU
		{22EFC04E-1902-4F45-9D1D-B0ADAB5C2727}.Release|Any CPU.Build.0 = Release|Any CPU
		{22EFC04E-1902-4F45-9D1D-B0ADAB5C2727}.Debug|iPhoneSimulator.ActiveCfg = Debug|Any CPU
		{22EFC04E-1902-4F45-9D1D-B0ADAB5C2727}.Debug|iPhoneSimulator.Build.0 = Debug|Any CPU
		{22EFC04E-1902-4F45-9D1D-B0ADAB5C2727}.Release|iPhoneSimulator.ActiveCfg = Release|Any CPU
		{22EFC04E-1902-4F45-9D1D-B0ADAB5C2727}.Release|iPhoneSimulator.Build.0 = Release|Any CPU
		{22EFC04E-1902-4F45-9D1D-B0ADAB5C2727}.Debug|iPhone.ActiveCfg = Debug|Any CPU
		{22EFC04E-1902-4F45-9D1D-B0ADAB5C2727}.Debug|iPhone.Build.0 = Debug|Any CPU
		{22EFC04E-1902-4F45-9D1D-B0ADAB5C2727}.Release|iPhone.ActiveCfg = Release|Any CPU
		{22EFC04E-1902-4F45-9D1D-B0ADAB5C2727}.Release|iPhone.Build.0 = Release|Any CPU
	EndGlobalSection
EndGlobal
